// !$*UTF8*$!
{
	archiveVersion = 1;
	classes = {
	};
	objectVersion = 51;
	objects = {

/* Begin PBXBuildFile section */
		489DB507265EC6D400E3BAE1 /* AppDelegate.swift in Sources */ = {isa = PBXBuildFile; fileRef = 489DB506265EC6D400E3BAE1 /* AppDelegate.swift */; };
		489DB509265EC6D400E3BAE1 /* SceneDelegate.swift in Sources */ = {isa = PBXBuildFile; fileRef = 489DB508265EC6D400E3BAE1 /* SceneDelegate.swift */; };
		489DB50E265EC6D400E3BAE1 /* Main.storyboard in Resources */ = {isa = PBXBuildFile; fileRef = 489DB50C265EC6D400E3BAE1 /* Main.storyboard */; };
		489DB510265EC6D500E3BAE1 /* Assets.xcassets in Resources */ = {isa = PBXBuildFile; fileRef = 489DB50F265EC6D500E3BAE1 /* Assets.xcassets */; };
		489DB513265EC6D500E3BAE1 /* LaunchScreen.storyboard in Resources */ = {isa = PBXBuildFile; fileRef = 489DB511265EC6D500E3BAE1 /* LaunchScreen.storyboard */; };
		489DB51D265EC95600E3BAE1 /* GoogleService-Info.plist in Resources */ = {isa = PBXBuildFile; fileRef = 489DB51C265EC95600E3BAE1 /* GoogleService-Info.plist */; };
		48E4793B265F644500BDB666 /* LogInViewController.swift in Sources */ = {isa = PBXBuildFile; fileRef = 48E4793A265F644500BDB666 /* LogInViewController.swift */; };
		E33D22B65EE44D8850ADC89A /* Pods_Snapchat.framework in Frameworks */ = {isa = PBXBuildFile; fileRef = 5391766A578EB4A1DE5F6E2C /* Pods_Snapchat.framework */; };
/* End PBXBuildFile section */

/* Begin PBXFileReference section */
		489DB503265EC6D400E3BAE1 /* Snapchat.app */ = {isa = PBXFileReference; explicitFileType = wrapper.application; includeInIndex = 0; path = Snapchat.app; sourceTree = BUILT_PRODUCTS_DIR; };
		489DB506265EC6D400E3BAE1 /* AppDelegate.swift */ = {isa = PBXFileReference; lastKnownFileType = sourcecode.swift; path = AppDelegate.swift; sourceTree = "<group>"; };
		489DB508265EC6D400E3BAE1 /* SceneDelegate.swift */ = {isa = PBXFileReference; lastKnownFileType = sourcecode.swift; path = SceneDelegate.swift; sourceTree = "<group>"; };
		489DB50D265EC6D400E3BAE1 /* Base */ = {isa = PBXFileReference; lastKnownFileType = file.storyboard; name = Base; path = Base.lproj/Main.storyboard; sourceTree = "<group>"; };
		489DB50F265EC6D500E3BAE1 /* Assets.xcassets */ = {isa = PBXFileReference; lastKnownFileType = folder.assetcatalog; path = Assets.xcassets; sourceTree = "<group>"; };
		489DB512265EC6D500E3BAE1 /* Base */ = {isa = PBXFileReference; lastKnownFileType = file.storyboard; name = Base; path = Base.lproj/LaunchScreen.storyboard; sourceTree = "<group>"; };
		489DB514265EC6D500E3BAE1 /* Info.plist */ = {isa = PBXFileReference; lastKnownFileType = text.plist.xml; path = Info.plist; sourceTree = "<group>"; };
		489DB51C265EC95600E3BAE1 /* GoogleService-Info.plist */ = {isa = PBXFileReference; fileEncoding = 4; lastKnownFileType = text.plist.xml; path = "GoogleService-Info.plist"; sourceTree = "<group>"; };
		48E4793A265F644500BDB666 /* LogInViewController.swift */ = {isa = PBXFileReference; lastKnownFileType = sourcecode.swift; path = LogInViewController.swift; sourceTree = "<group>"; };
		5391766A578EB4A1DE5F6E2C /* Pods_Snapchat.framework */ = {isa = PBXFileReference; explicitFileType = wrapper.framework; includeInIndex = 0; path = Pods_Snapchat.framework; sourceTree = BUILT_PRODUCTS_DIR; };
		5A4CC0B5D19867D71FFB13E3 /* Pods-Snapchat.release.xcconfig */ = {isa = PBXFileReference; includeInIndex = 1; lastKnownFileType = text.xcconfig; name = "Pods-Snapchat.release.xcconfig"; path = "Target Support Files/Pods-Snapchat/Pods-Snapchat.release.xcconfig"; sourceTree = "<group>"; };
		C89321D209A83AE129610503 /* Pods-Snapchat.debug.xcconfig */ = {isa = PBXFileReference; includeInIndex = 1; lastKnownFileType = text.xcconfig; name = "Pods-Snapchat.debug.xcconfig"; path = "Target Support Files/Pods-Snapchat/Pods-Snapchat.debug.xcconfig"; sourceTree = "<group>"; };
/* End PBXFileReference section */

/* Begin PBXFrameworksBuildPhase section */
		489DB500265EC6D400E3BAE1 /* Frameworks */ = {
			isa = PBXFrameworksBuildPhase;
			buildActionMask = 2147483647;
			files = (
				E33D22B65EE44D8850ADC89A /* Pods_Snapchat.framework in Frameworks */,
			);
			runOnlyForDeploymentPostprocessing = 0;
		};
/* End PBXFrameworksBuildPhase section */

/* Begin PBXGroup section */
		489DB4FA265EC6D400E3BAE1 = {
			isa = PBXGroup;
			children = (
				489DB505265EC6D400E3BAE1 /* Snapchat */,
				489DB504265EC6D400E3BAE1 /* Products */,
				5E62C48B83BCD303A5E43624 /* Pods */,
				F22B3A290CBBB532A284BFA8 /* Frameworks */,
			);
			sourceTree = "<group>";
		};
		489DB504265EC6D400E3BAE1 /* Products */ = {
			isa = PBXGroup;
			children = (
				489DB503265EC6D400E3BAE1 /* Snapchat.app */,
			);
			name = Products;
			sourceTree = "<group>";
		};
		489DB505265EC6D400E3BAE1 /* Snapchat */ = {
			isa = PBXGroup;
			children = (
				489DB51C265EC95600E3BAE1 /* GoogleService-Info.plist */,
				489DB506265EC6D400E3BAE1 /* AppDelegate.swift */,
				489DB508265EC6D400E3BAE1 /* SceneDelegate.swift */,
				489DB50C265EC6D400E3BAE1 /* Main.storyboard */,
				489DB50F265EC6D500E3BAE1 /* Assets.xcassets */,
				489DB511265EC6D500E3BAE1 /* LaunchScreen.storyboard */,
				489DB514265EC6D500E3BAE1 /* Info.plist */,
				48E4793A265F644500BDB666 /* LogInViewController.swift */,
			);
			path = Snapchat;
			sourceTree = "<group>";
		};
		5E62C48B83BCD303A5E43624 /* Pods */ = {
			isa = PBXGroup;
			children = (
				C89321D209A83AE129610503 /* Pods-Snapchat.debug.xcconfig */,
				5A4CC0B5D19867D71FFB13E3 /* Pods-Snapchat.release.xcconfig */,
			);
			path = Pods;
			sourceTree = "<group>";
		};
		F22B3A290CBBB532A284BFA8 /* Frameworks */ = {
			isa = PBXGroup;
			children = (
				5391766A578EB4A1DE5F6E2C /* Pods_Snapchat.framework */,
			);
			name = Frameworks;
			sourceTree = "<group>";
		};
/* End PBXGroup section */

/* Begin PBXNativeTarget section */
		489DB502265EC6D400E3BAE1 /* Snapchat */ = {
			isa = PBXNativeTarget;
			buildConfigurationList = 489DB517265EC6D500E3BAE1 /* Build configuration list for PBXNativeTarget "Snapchat" */;
			buildPhases = (
				6667E7BA1C35AB5042A09FC4 /* [CP] Check Pods Manifest.lock */,
				489DB4FF265EC6D400E3BAE1 /* Sources */,
				489DB500265EC6D400E3BAE1 /* Frameworks */,
				489DB501265EC6D400E3BAE1 /* Resources */,
				328154F6993A7CF6C9BD53DA /* [CP] Embed Pods Frameworks */,
				73E65E660C9FB61D9EAC14F4 /* [CP] Copy Pods Resources */,
			);
			buildRules = (
			);
			dependencies = (
			);
			name = Snapchat;
			productName = Snapchat;
			productReference = 489DB503265EC6D400E3BAE1 /* Snapchat.app */;
			productType = "com.apple.product-type.application";
		};
/* End PBXNativeTarget section */

/* Begin PBXProject section */
		489DB4FB265EC6D400E3BAE1 /* Project object */ = {
			isa = PBXProject;
			attributes = {
				LastSwiftUpdateCheck = 1130;
				LastUpgradeCheck = 1130;
				ORGANIZATIONNAME = deah;
				TargetAttributes = {
					489DB502265EC6D400E3BAE1 = {
						CreatedOnToolsVersion = 11.3;
					};
				};
			};
			buildConfigurationList = 489DB4FE265EC6D400E3BAE1 /* Build configuration list for PBXProject "Snapchat" */;
			compatibilityVersion = "Xcode 9.3";
			developmentRegion = en;
			hasScannedForEncodings = 0;
			knownRegions = (
				en,
				Base,
			);
			mainGroup = 489DB4FA265EC6D400E3BAE1;
			productRefGroup = 489DB504265EC6D400E3BAE1 /* Products */;
			projectDirPath = "";
			projectRoot = "";
			targets = (
				489DB502265EC6D400E3BAE1 /* Snapchat */,
			);
		};
/* End PBXProject section */

/* Begin PBXResourcesBuildPhase section */
		489DB501265EC6D400E3BAE1 /* Resources */ = {
			isa = PBXResourcesBuildPhase;
			buildActionMask = 2147483647;
			files = (
				489DB513265EC6D500E3BAE1 /* LaunchScreen.storyboard in Resources */,
				489DB51D265EC95600E3BAE1 /* GoogleService-Info.plist in Resources */,
				489DB510265EC6D500E3BAE1 /* Assets.xcassets in Resources */,
				489DB50E265EC6D400E3BAE1 /* Main.storyboard in Resources */,
			);
			runOnlyForDeploymentPostprocessing = 0;
		};
/* End PBXResourcesBuildPhase section */

/* Begin PBXShellScriptBuildPhase section */
		328154F6993A7CF6C9BD53DA /* [CP] Embed Pods Frameworks */ = {
			isa = PBXShellScriptBuildPhase;
			buildActionMask = 2147483647;
			files = (
			);
			inputFileListPaths = (
				"${PODS_ROOT}/Target Support Files/Pods-Snapchat/Pods-Snapchat-frameworks-${CONFIGURATION}-input-files.xcfilelist",
			);
			name = "[CP] Embed Pods Frameworks";
			outputFileListPaths = (
				"${PODS_ROOT}/Target Support Files/Pods-Snapchat/Pods-Snapchat-frameworks-${CONFIGURATION}-output-files.xcfilelist",
			);
			runOnlyForDeploymentPostprocessing = 0;
			shellPath = /bin/sh;
			shellScript = "\"${PODS_ROOT}/Target Support Files/Pods-Snapchat/Pods-Snapchat-frameworks.sh\"\n";
			showEnvVarsInLog = 0;
		};
		6667E7BA1C35AB5042A09FC4 /* [CP] Check Pods Manifest.lock */ = {
			isa = PBXShellScriptBuildPhase;
			buildActionMask = 2147483647;
			files = (
			);
			inputFileListPaths = (
			);
			inputPaths = (
				"${PODS_PODFILE_DIR_PATH}/Podfile.lock",
				"${PODS_ROOT}/Manifest.lock",
			);
			name = "[CP] Check Pods Manifest.lock";
			outputFileListPaths = (
			);
			outputPaths = (
				"$(DERIVED_FILE_DIR)/Pods-Snapchat-checkManifestLockResult.txt",
			);
			runOnlyForDeploymentPostprocessing = 0;
			shellPath = /bin/sh;
			shellScript = "diff \"${PODS_PODFILE_DIR_PATH}/Podfile.lock\" \"${PODS_ROOT}/Manifest.lock\" > /dev/null\nif [ $? != 0 ] ; then\n    # print error to STDERR\n    echo \"error: The sandbox is not in sync with the Podfile.lock. Run 'pod install' or update your CocoaPods installation.\" >&2\n    exit 1\nfi\n# This output is used by Xcode 'outputs' to avoid re-running this script phase.\necho \"SUCCESS\" > \"${SCRIPT_OUTPUT_FILE_0}\"\n";
			showEnvVarsInLog = 0;
		};
		73E65E660C9FB61D9EAC14F4 /* [CP] Copy Pods Resources */ = {
			isa = PBXShellScriptBuildPhase;
			buildActionMask = 2147483647;
			files = (
			);
			inputFileListPaths = (
				"${PODS_ROOT}/Target Support Files/Pods-Snapchat/Pods-Snapchat-resources-${CONFIGURATION}-input-files.xcfilelist",
			);
			name = "[CP] Copy Pods Resources";
			outputFileListPaths = (
				"${PODS_ROOT}/Target Support Files/Pods-Snapchat/Pods-Snapchat-resources-${CONFIGURATION}-output-files.xcfilelist",
			);
			runOnlyForDeploymentPostprocessing = 0;
			shellPath = /bin/sh;
			shellScript = "\"${PODS_ROOT}/Target Support Files/Pods-Snapchat/Pods-Snapchat-resources.sh\"\n";
			showEnvVarsInLog = 0;
		};
/* End PBXShellScriptBuildPhase section */

/* Begin PBXSourcesBuildPhase section */
		489DB4FF265EC6D400E3BAE1 /* Sources */ = {
			isa = PBXSourcesBuildPhase;
			buildActionMask = 2147483647;
			files = (
				489DB507265EC6D400E3BAE1 /* AppDelegate.swift in Sources */,
				489DB509265EC6D400E3BAE1 /* SceneDelegate.swift in Sources */,
				48E4793B265F644500BDB666 /* LogInViewController.swift in Sources */,
			);
			runOnlyForDeploymentPostprocessing = 0;
		};
/* End PBXSourcesBuildPhase section */

/* Begin PBXVariantGroup section */
		489DB50C265EC6D400E3BAE1 /* Main.storyboard */ = {
			isa = PBXVariantGroup;
			children = (
				489DB50D265EC6D400E3BAE1 /* Base */,
			);
			name = Main.storyboard;
			sourceTree = "<group>";
		};
		489DB511265EC6D500E3BAE1 /* LaunchScreen.storyboard */ = {
			isa = PBXVariantGroup;
			children = (
				489DB512265EC6D500E3BAE1 /* Base */,
			);
			name = LaunchScreen.storyboard;
			sourceTree = "<group>";
		};
/* End PBXVariantGroup section */

/* Begin XCBuildConfiguration section */
		489DB515265EC6D500E3BAE1 /* Debug */ = {
			isa = XCBuildConfiguration;
			buildSettings = {
				ALWAYS_SEARCH_USER_PATHS = NO;
				CLANG_ANALYZER_NONNULL = YES;
				CLANG_ANALYZER_NUMBER_OBJECT_CONVERSION = YES_AGGRESSIVE;
				CLANG_CXX_LANGUAGE_STANDARD = "gnu++14";
				CLANG_CXX_LIBRARY = "libc++";
				CLANG_ENABLE_MODULES = YES;
				CLANG_ENABLE_OBJC_ARC = YES;
				CLANG_ENABLE_OBJC_WEAK = YES;
				CLANG_WARN_BLOCK_CAPTURE_AUTORELEASING = YES;
				CLANG_WARN_BOOL_CONVERSION = YES;
				CLANG_WARN_COMMA = YES;
				CLANG_WARN_CONSTANT_CONVERSION = YES;
				CLANG_WARN_DEPRECATED_OBJC_IMPLEMENTATIONS = YES;
				CLANG_WARN_DIRECT_OBJC_ISA_USAGE = YES_ERROR;
				CLANG_WARN_DOCUMENTATION_COMMENTS = YES;
				CLANG_WARN_EMPTY_BODY = YES;
				CLANG_WARN_ENUM_CONVERSION = YES;
				CLANG_WARN_INFINITE_RECURSION = YES;
				CLANG_WARN_INT_CONVERSION = YES;
				CLANG_WARN_NON_LITERAL_NULL_CONVERSION = YES;
				CLANG_WARN_OBJC_IMPLICIT_RETAIN_SELF = YES;
				CLANG_WARN_OBJC_LITERAL_CONVERSION = YES;
				CLANG_WARN_OBJC_ROOT_CLASS = YES_ERROR;
				CLANG_WARN_RANGE_LOOP_ANALYSIS = YES;
				CLANG_WARN_STRICT_PROTOTYPES = YES;
				CLANG_WARN_SUSPICIOUS_MOVE = YES;
				CLANG_WARN_UNGUARDED_AVAILABILITY = YES_AGGRESSIVE;
				CLANG_WARN_UNREACHABLE_CODE = YES;
				CLANG_WARN__DUPLICATE_METHOD_MATCH = YES;
				COPY_PHASE_STRIP = NO;
				DEBUG_INFORMATION_FORMAT = dwarf;
				ENABLE_STRICT_OBJC_MSGSEND = YES;
				ENABLE_TESTABILITY = YES;
				GCC_C_LANGUAGE_STANDARD = gnu11;
				GCC_DYNAMIC_NO_PIC = NO;
				GCC_NO_COMMON_BLOCKS = YES;
				GCC_OPTIMIZATION_LEVEL = 0;
				GCC_PREPROCESSOR_DEFINITIONS = (
					"DEBUG=1",
					"$(inherited)",
				);
				GCC_WARN_64_TO_32_BIT_CONVERSION = YES;
				GCC_WARN_ABOUT_RETURN_TYPE = YES_ERROR;
				GCC_WARN_UNDECLARED_SELECTOR = YES;
				GCC_WARN_UNINITIALIZED_AUTOS = YES_AGGRESSIVE;
				GCC_WARN_UNUSED_FUNCTION = YES;
				GCC_WARN_UNUSED_VARIABLE = YES;
				IPHONEOS_DEPLOYMENT_TARGET = 13.2;
				MTL_ENABLE_DEBUG_INFO = INCLUDE_SOURCE;
				MTL_FAST_MATH = YES;
				ONLY_ACTIVE_ARCH = YES;
				SDKROOT = iphoneos;
				SWIFT_ACTIVE_COMPILATION_CONDITIONS = DEBUG;
				SWIFT_OPTIMIZATION_LEVEL = "-Onone";
			};
			name = Debug;
		};
		489DB516265EC6D500E3BAE1 /* Release */ = {
			isa = XCBuildConfiguration;
			buildSettings = {
				ALWAYS_SEARCH_USER_PATHS = NO;
				CLANG_ANALYZER_NONNULL = YES;
				CLANG_ANALYZER_NUMBER_OBJECT_CONVERSION = YES_AGGRESSIVE;
				CLANG_CXX_LANGUAGE_STANDARD = "gnu++14";
				CLANG_CXX_LIBRARY = "libc++";
				CLANG_ENABLE_MODULES = YES;
				CLANG_ENABLE_OBJC_ARC = YES;
				CLANG_ENABLE_OBJC_WEAK = YES;
				CLANG_WARN_BLOCK_CAPTURE_AUTORELEASING = YES;
				CLANG_WARN_BOOL_CONVERSION = YES;
				CLANG_WARN_COMMA = YES;
				CLANG_WARN_CONSTANT_CONVERSION = YES;
				CLANG_WARN_DEPRECATED_OBJC_IMPLEMENTATIONS = YES;
				CLANG_WARN_DIRECT_OBJC_ISA_USAGE = YES_ERROR;
				CLANG_WARN_DOCUMENTATION_COMMENTS = YES;
				CLANG_WARN_EMPTY_BODY = YES;
				CLANG_WARN_ENUM_CONVERSION = YES;
				CLANG_WARN_INFINITE_RECURSION = YES;
				CLANG_WARN_INT_CONVERSION = YES;
				CLANG_WARN_NON_LITERAL_NULL_CONVERSION = YES;
				CLANG_WARN_OBJC_IMPLICIT_RETAIN_SELF = YES;
				CLANG_WARN_OBJC_LITERAL_CONVERSION = YES;
				CLANG_WARN_OBJC_ROOT_CLASS = YES_ERROR;
				CLANG_WARN_RANGE_LOOP_ANALYSIS = YES;
				CLANG_WARN_STRICT_PROTOTYPES = YES;
				CLANG_WARN_SUSPICIOUS_MOVE = YES;
				CLANG_WARN_UNGUARDED_AVAILABILITY = YES_AGGRESSIVE;
				CLANG_WARN_UNREACHABLE_CODE = YES;
				CLANG_WARN__DUPLICATE_METHOD_MATCH = YES;
				COPY_PHASE_STRIP = NO;
				DEBUG_INFORMATION_FORMAT = "dwarf-with-dsym";
				ENABLE_NS_ASSERTIONS = NO;
				ENABLE_STRICT_OBJC_MSGSEND = YES;
				GCC_C_LANGUAGE_STANDARD = gnu11;
				GCC_NO_COMMON_BLOCKS = YES;
				GCC_WARN_64_TO_32_BIT_CONVERSION = YES;
				GCC_WARN_ABOUT_RETURN_TYPE = YES_ERROR;
				GCC_WARN_UNDECLARED_SELECTOR = YES;
				GCC_WARN_UNINITIALIZED_AUTOS = YES_AGGRESSIVE;
				GCC_WARN_UNUSED_FUNCTION = YES;
				GCC_WARN_UNUSED_VARIABLE = YES;
				IPHONEOS_DEPLOYMENT_TARGET = 13.2;
				MTL_ENABLE_DEBUG_INFO = NO;
				MTL_FAST_MATH = YES;
				SDKROOT = iphoneos;
				SWIFT_COMPILATION_MODE = wholemodule;
				SWIFT_OPTIMIZATION_LEVEL = "-O";
				VALIDATE_PRODUCT = YES;
			};
			name = Release;
		};
		489DB518265EC6D500E3BAE1 /* Debug */ = {
			isa = XCBuildConfiguration;
			baseConfigurationReference = C89321D209A83AE129610503 /* Pods-Snapchat.debug.xcconfig */;
			buildSettings = {
				ASSETCATALOG_COMPILER_APPICON_NAME = AppIcon;
				CODE_SIGN_STYLE = Automatic;
				INFOPLIST_FILE = Snapchat/Info.plist;
				LD_RUNPATH_SEARCH_PATHS = (
					"$(inherited)",
					"@executable_path/Frameworks",
				);
				PRODUCT_BUNDLE_IDENTIFIER = deah.com.Snapchat;
				PRODUCT_NAME = "$(TARGET_NAME)";
				SWIFT_VERSION = 5.0;
				TARGETED_DEVICE_FAMILY = "1,2";
			};
			name = Debug;
		};
		489DB519265EC6D500E3BAE1 /* Release */ = {
			isa = XCBuildConfiguration;
			baseConfigurationReference = 5A4CC0B5D19867D71FFB13E3 /* Pods-Snapchat.release.xcconfig */;
			buildSettings = {
				ASSETCATALOG_COMPILER_APPICON_NAME = AppIcon;
				CODE_SIGN_STYLE = Automatic;
				INFOPLIST_FILE = Snapchat/Info.plist;
				LD_RUNPATH_SEARCH_PATHS = (
					"$(inherited)",
					"@executable_path/Frameworks",
				);
				PRODUCT_BUNDLE_IDENTIFIER = deah.com.Snapchat;
				PRODUCT_NAME = "$(TARGET_NAME)";
				SWIFT_VERSION = 5.0;
				TARGETED_DEVICE_FAMILY = "1,2";
			};
			name = Release;
		};
/* End XCBuildConfiguration section */

/* Begin XCConfigurationList section */
		489DB4FE265EC6D400E3BAE1 /* Build configuration list for PBXProject "Snapchat" */ = {
			isa = XCConfigurationList;
			buildConfigurations = (
				489DB515265EC6D500E3BAE1 /* Debug */,
				489DB516265EC6D500E3BAE1 /* Release */,
			);
			defaultConfigurationIsVisible = 0;
			defaultConfigurationName = Release;
		};
		489DB517265EC6D500E3BAE1 /* Build configuration list for PBXNativeTarget "Snapchat" */ = {
			isa = XCConfigurationList;
			buildConfigurations = (
				489DB518265EC6D500E3BAE1 /* Debug */,
				489DB519265EC6D500E3BAE1 /* Release */,
			);
			defaultConfigurationIsVisible = 0;
			defaultConfigurationName = Release;
		};
/* End XCConfigurationList section */
	};
	rootObject = 489DB4FB265EC6D400E3BAE1 /* Project object */;
}
